
Microsoft Visual Studio Solution File, Format Version 12.00
# Visual Studio Version 16
VisualStudioVersion = 16.0.34601.136
MinimumVisualStudioVersion = 10.0.40219.1
Project("{FAE04EC0-301F-11D3-BF4B-00C04F79EFBC}") = "WebServiceAREA", "WebServiceAREA\WebServiceAREA.csproj", "{F95B23A1-EA9A-4769-B705-90262F2AED8A}"
EndProject
Global
	GlobalSection(SolutionConfigurationPlatforms) = preSolution
		Debug|Any CPU = Debug|Any CPU
		Release|Any CPU = Release|Any CPU
	EndGlobalSection
	GlobalSection(ProjectConfigurationPlatforms) = postSolution
		{F95B23A1-EA9A-4769-B705-90262F2AED8A}.Debug|Any CPU.ActiveCfg = Debug|Any CPU
		{F95B23A1-EA9A-4769-B705-90262F2AED8A}.Debug|Any CPU.Build.0 = Debug|Any CPU
		{F95B23A1-EA9A-4769-B705-90262F2AED8A}.Release|Any CPU.ActiveCfg = Release|Any CPU
		{F95B23A1-EA9A-4769-B705-90262F2AED8A}.Release|Any CPU.Build.0 = Release|Any CPU
	EndGlobalSection
	GlobalSection(SolutionProperties) = preSolution
		HideSolutionNode = FALSE
	EndGlobalSection
	GlobalSection(ExtensibilityGlobals) = postSolution
		SolutionGuid = {47B793F7-560D-4BBC-81C5-10C37D0395BC}
	EndGlobalSection
EndGlobal
